lockfileVersion: '9.0'
settings:
  autoInstallPeers: true
  excludeLinksFromLockfile: false
importers:
  .:
    devDependencies:
      lodash:
        specifier: 4.18.0
        version: 4.18.0
packages:
  lodash@4.18.0:
    resolution: {integrity: sha512-l1mfj2atMqndAHI3ls7XqPxEjV2J9ZkcNyHpoZA3r2T1LLwDB69jgkMWh71YKwhBbK0G2f4WSn05ahmQXVxupA==}
snapshots:
  lodash@4.18.0: {}
