# C12 selected Linux x86_64 CPython3.13 binary-wheel reference graph; no universal platform guarantee.
annotated-types==0.8.0 --hash=sha256:f072f4d804ea359e4eaf198b1af7a8b0943881a87f31bb764f8bf219bb9419e0
anyio==4.15.1 --hash=sha256:6152fdbbf9a77fdec97731721bebf7c4c44f7c29b424b0065826173efc7ed101
attrs==26.1.0 --hash=sha256:c647aa4a12dfbad9333ca4e71fe62ddc36f4e63b2d260a37a8b83d2f043ac309
boltons==21.0.0 --hash=sha256:b9bb7b58b2b420bbe11a6025fdef6d3e5edc9f76a42fb467afe7ca212ef9948b
bracex==3.0.1 --hash=sha256:6523ad83aeb5098a4ee597cff0f964442ff74e460bd3fafaffab6a013ff2288c
certifi==2026.7.22 --hash=sha256:62f22742b58a1a33014a2b6b706588a8d7e2a88ae7bd1a6ebe8c992928483775
cffi==2.1.1 --hash=sha256:a931079504ecc49efed7744c476a5c343a92fabf66dec2db95edb1b2fdc770e2
charset-normalizer==3.5.2 --hash=sha256:7218e8f32b0956cfcd048fd42d9d5779809745ca1d86113ca56f66e7ae1549c4
click-option-group==0.5.9 --hash=sha256:ad2599248bd373e2e19bec5407967c3eec1d0d4fc4a5e77b08a0481e75991080
click==8.4.2 --hash=sha256:e6f9f66136c816745b9d65817da91d61d957fb16e02e4dcd0552553c5a197b76
colorama==0.4.6 --hash=sha256:4f1d9991f5acc0ca119f9d443620b77f9d6b33703e51011c16baf57afb285fc6
cryptography==50.0.2 --hash=sha256:9dab55f57c74c3cad24c323bacbbd04be4705ba6eb0d92e920b1fc4837ed5079
exceptiongroup==1.2.2 --hash=sha256:3111b9d131c238bec2f8f516e123e14ba243563fb135d3fe885990585aa7795b
face==26.0.1 --hash=sha256:ab0a83c37c9789dce658a67a9a80eafaa113c9ec37c5a9d950ff5480542a062d
glom==25.12.0 --hash=sha256:b9f21e77f71a6576a43864e85066b8cc3f0f778d0d50961563f8981377a6dcb1
googleapis-common-protos==1.75.5 --hash=sha256:d7285525c23039db98f2463e6d5a4f9b958b94d497f03a844ece3259c4e72d5d
h11==0.16.0 --hash=sha256:63cf8bbe7522de3bf65932fda1d9c2772064ffb3dae62d55932da54b31cb6c86
httpcore==1.0.9 --hash=sha256:2d400746a40668fc9dec9810239072b40b4484b640a8c38fd654a024c7a1bf55
httpx-sse==0.4.3 --hash=sha256:0ac1c9fe3c0afad2e0ebb25a934a59f4c7823b60792691f779fad2c5568830fc
httpx==0.28.1 --hash=sha256:d909fcccc110f8c7faf814ca82a9a4d816bc5a6dbfea25d6591d6985b8ba59ad
idna==3.20 --hash=sha256:ab7ae7122974553370f0bdb919e1a960b2cd1bc1ef0276416d896db81c14582c
importlib-metadata==8.7.1 --hash=sha256:5a1f80bf1daa489495071efbb095d75a634cf28a8bc299581244063b53176151
jsonschema-specifications==2025.9.1 --hash=sha256:98802fee3a11ee76ecaca44429fda8a41bff98b00a0f2838151b113f210cc6fe
jsonschema==4.25.1 --hash=sha256:3fba0169e345c7175110351d456342c364814cfcf3b964ba4587f22915230a63
markdown-it-py==4.2.0 --hash=sha256:9f7ebbcd14fe59494226453aed97c1070d83f8d24b6fc3a3bcf9a38092641c4a
mcp==1.29.0 --hash=sha256:f5a075bb611f23d6f4d080c6a1699fa62772eebc562ba9e66b306ddde1c755f7
mdurl==0.1.2 --hash=sha256:84008a41e51615a49fc9966191ff91509e3c40b939176e643fd50a5c2196b8f8
opentelemetry-api==1.37.0 --hash=sha256:accf2024d3e89faec14302213bc39550ec0f4095d1cf5ca688e1bfb1c8612f47
opentelemetry-exporter-otlp-proto-common==1.37.0 --hash=sha256:53038428449c559b0c564b8d718df3314da387109c4d36bd1b94c9a641b0292e
opentelemetry-exporter-otlp-proto-http==1.37.0 --hash=sha256:54c42b39945a6cc9d9a2a33decb876eabb9547e0dcb49df090122773447f1aef
opentelemetry-instrumentation-requests==0.58b0 --hash=sha256:672a0be0bb5b52bea0c11820b35e27edcf4cd22d34abe4afc59a92a80519f8a8
opentelemetry-instrumentation-threading==0.58b0 --hash=sha256:eacc072881006aceb5b9b6831bcdce718c67ef6f31ac0b32bd6a23a94d979b4a
opentelemetry-instrumentation==0.58b0 --hash=sha256:50f97ac03100676c9f7fc28197f8240c7290ca1baa12da8bfbb9a1de4f34cc45
opentelemetry-proto==1.37.0 --hash=sha256:8ed8c066ae8828bbf0c39229979bdf583a126981142378a9cbe9d6fd5701c6e2
opentelemetry-sdk==1.37.0 --hash=sha256:8f3c3c22063e52475c5dbced7209495c2c16723d016d39287dfc215d1771257c
opentelemetry-semantic-conventions==0.58b0 --hash=sha256:5564905ab1458b96684db1340232729fce3b5375a06e140e8904c78e4f815b28
opentelemetry-util-http==0.58b0 --hash=sha256:6c6b86762ed43025fbd593dc5f700ba0aa3e09711aedc36fd48a13b23d8cb1e7
packaging==26.3 --hash=sha256:d7193f7c8e4e93f444fde0262bf90af30e16fa0ad0ad44cb553c87339b23cd1c
peewee==3.19.0 --hash=sha256:de220b94766e6008c466e00ce4ba5299b9a832117d9eb36d45d0062f3cfd7417
protobuf==6.33.6 --hash=sha256:e9db7e292e0ab79dd108d7f1a94fe31601ce1ee3f7b79e0692043423020b0593
pycparser==3.11 --hash=sha256:51d5a8ba2be0bbe440b99d2112604c95bbbc3c2748a64260186c541e1729cd80
pydantic-core==2.50.0 --hash=sha256:e58acd43ac8d3905659c1d5309318dd576243e723dd7c3b5dd4f555479b77d4b
pydantic-settings==2.15.0 --hash=sha256:0ba092c291c94baceb5eff768aa0d56400a457585bc0175925a5a5510303da42
pydantic==2.14.0 --hash=sha256:15fab1bea6f1dc5003b54fc2ecab230c1fd1dbade2acd4addc52d81e32416d4b
pygments==2.21.0 --hash=sha256:2363c69b61c4a97c838da3b130dcd6468f4848992b21a82f2a63ec34377137d9
pyjwt==2.15.1 --hash=sha256:42d59d631f7768a1028a64c7ff581a9bf7519804daf91fc5b6c56e30eec5e193
python-dotenv==1.2.4 --hash=sha256:42269a8a5b3fd54ffa6f3d84b18abed50064717576b4ecf03dc4a55d8aa04fdc
python-multipart==0.0.32 --hash=sha256:ff6d3f776f16878c894e52e107296ffc890e913c611b1a4ec6c44e2821fe2e23
referencing==0.37.0 --hash=sha256:381329a9f99628c9069361716891d34ad94af76e461dcb0335825aecc7692231
requests==2.34.2 --hash=sha256:2a0d60c172f83ac6ab31e4554906c0f3b3588d37b5cb939b1c061f4907e278e0
rich==15.0.0 --hash=sha256:33bd4ef74232fb73fe9279a257718407f169c09b78a87ad3d296f548e27de0bb
rpds-py==2026.9.1 --hash=sha256:7868b85224291c6cb6759f9b5adb9745f486d226f62b16a614dd5a2a5ab2b35b
ruamel-yaml-clib==0.2.15 --hash=sha256:4d1032919280ebc04a80e4fb1e93f7a738129857eaec9448310e638c8bccefcf
ruamel-yaml==0.19.1 --hash=sha256:27592957fedf6e0b62f281e96effd28043345e0e66001f97683aa9a40c667c93
semantic-version==2.10.0 --hash=sha256:de78a3b8e0feda74cabc54aab2da702113e33ac9d9eb9d2389bcf1f58b7d9177
semgrep==1.180.0 --hash=sha256:16db2e2706ab814a975eeec25debfad49abba846b7c513d88e041447152f8447
sse-starlette==3.5.0 --hash=sha256:3e6e1070df3f0f5d9cea81496de92dbb72f6721871d99748ece67441dd8b7997
starlette==1.7.0 --hash=sha256:67f8e99895493dd2911a03f11314af6ceebeae4e704bb9f43dfc6a9db151c93e
tomli==2.4.1 --hash=sha256:f3c6818a1a86dd6dca7ddcaaf76947d5ba31aecc28cb1b67009a5877c9a64f3f
typing-extensions==4.16.0 --hash=sha256:481caa481374e813c1b176ada14e97f1f67a4539ce9cfeb3f350d78d6370c2e8
typing-inspection==0.4.4 --hash=sha256:65b8397ba37ccbce054456aaccddfc91e6e3083c92824df348d96ca832f3f147
urllib3==2.8.0 --hash=sha256:0cf3cae568d36aa9576b28dfb35f11328f1cb974ca7647d9475ebb86c75ac6e3
uvicorn==0.54.0 --hash=sha256:505bdb0f318731d45f1f712071fc781a8981f6847a31c902c9f5e652d4f67faf
wcmatch==8.5.2 --hash=sha256:17d3ad3758f9d0b5b4dedc770b65420d4dac62e680229c287bf24c9db856a478
wrapt==1.17.3 --hash=sha256:6fd1ad24dc235e4ab88cda009e19bf347aabb975e44fd5c2fb22a3f6e4141277
zipp==4.1.1 --hash=sha256:8979f52d874162f485ff2981e3891f3a3317b7a3dd43ff1e1775b9304f307a9c
